Microsoft Visual Studio Solution File, Format Version 12.00
# Visual Studio Version 17
VisualStudioVersion = 17.5.2.0
MinimumVisualStudioVersion = 10.0.40219.1
Project("{FAE04EC0-301F-11D3-BF4B-00C04F79EFBC}") = "DocVersion.Client", "DocVersion.Client\DocVersion.Client.csproj", "{2D69779C-4DFD-8D58-466D-9408D7E6CDCA}"
EndProject
Project("{FAE04EC0-301F-11D3-BF4B-00C04F79EFBC}") = "DocVersion.Core", "DocVersion.Core\DocVersion.Core.csproj", "{6C77CC18-22C4-0016-6E32-58C500BB449A}"
EndProject
Project("{FAE04EC0-301F-11D3-BF4B-00C04F79EFBC}") = "DocVersion.Server", "DocVersion.Server\DocVersion.Server.csproj", "{0306C10F-9D64-5412-7FBE-B0580AE16AF7}"
EndProject
Global
	GlobalSection(SolutionConfigurationPlatforms) = preSolution
		Debug|Any CPU = Debug|Any CPU
		Release|Any CPU = Release|Any CPU
	EndGlobalSection
	GlobalSection(ProjectConfigurationPlatforms) = postSolution
		{2D69779C-4DFD-8D58-466D-9408D7E6CDCA}.Debug|Any CPU.ActiveCfg = Debug|Any CPU
		{2D69779C-4DFD-8D58-466D-9408D7E6CDCA}.Debug|Any CPU.Build.0 = Debug|Any CPU
		{2D69779C-4DFD-8D58-466D-9408D7E6CDCA}.Release|Any CPU.ActiveCfg = Release|Any CPU
		{2D69779C-4DFD-8D58-466D-9408D7E6CDCA}.Release|Any CPU.Build.0 = Release|Any CPU
		{6C77CC18-22C4-0016-6E32-58C500BB449A}.Debug|Any CPU.ActiveCfg = Debug|Any CPU
		{6C77CC18-22C4-0016-6E32-58C500BB449A}.Debug|Any CPU.Build.0 = Debug|Any CPU
		{6C77CC18-22C4-0016-6E32-58C500BB449A}.Release|Any CPU.ActiveCfg = Release|Any CPU
		{6C77CC18-22C4-0016-6E32-58C500BB449A}.Release|Any CPU.Build.0 = Release|Any CPU
		{0306C10F-9D64-5412-7FBE-B0580AE16AF7}.Debug|Any CPU.ActiveCfg = Debug|Any CPU
		{0306C10F-9D64-5412-7FBE-B0580AE16AF7}.Debug|Any CPU.Build.0 = Debug|Any CPU
		{0306C10F-9D64-5412-7FBE-B0580AE16AF7}.Release|Any CPU.ActiveCfg = Release|Any CPU
		{0306C10F-9D64-5412-7FBE-B0580AE16AF7}.Release|Any CPU.Build.0 = Release|Any CPU
	EndGlobalSection
	GlobalSection(SolutionProperties) = preSolution
		HideSolutionNode = FALSE
	EndGlobalSection
	GlobalSection(ExtensibilityGlobals) = postSolution
		SolutionGuid = {970792DE-FC51-49E2-B929-C3A7AE9B42C4}
	EndGlobalSection
EndGlobal
